{
  "nodes": {
    "nixpkgs": {
      "locked": {
        "lastModified": 1778504458,
        "narHash": "sha256-w6+HEdP1PoLAoqaFB/jTyXrFuqxuArJ6Lw1bOkecwP0=",
        "owner": "NixOS",
        "repo": "nixpkgs",
        "rev": "6c424a96762240034e0bcda0e1a50dd48e60ab9b",
        "type": "github"
      },
      "original": {
        "owner": "NixOS",
        "ref": "nixpkgs-25.11-darwin",
        "repo": "nixpkgs",
        "type": "github"
      }
    },
    "root": {
      "inputs": {
        "nixpkgs": "nixpkgs"
      }
    }
  },
  "root": "root",
  "version": 7
}
