{
  "nodes": {
    "nixpkgs": {
      "locked": {
        "lastModified": 1777721675,
        "narHash": "sha256-i9ceHh6k8DUa9Rb0Yab3+TDuqu2gWg9AdndP1f3DCtQ=",
        "owner": "NixOS",
        "repo": "nixpkgs",
        "rev": "8d9115013055db4f9507d49a3a148ed82c718983",
        "type": "github"
      },
      "original": {
        "owner": "NixOS",
        "ref": "nixpkgs-25.11-darwin",
        "repo": "nixpkgs",
        "type": "github"
      }
    },
    "root": {
      "inputs": {
        "nixpkgs": "nixpkgs"
      }
    }
  },
  "root": "root",
  "version": 7
}
