{
  "nodes": {
    "nixpkgs": {
      "locked": {
        "lastModified": 1781808320,
        "narHash": "sha256-ZbpXI28KgYhiWUd9sXg8Z4s5aue7B9hDT9rfqEkSDP4=",
        "owner": "NixOS",
        "repo": "nixpkgs",
        "rev": "eac1fb92704677086e94543f4d150105d5aea622",
        "type": "github"
      },
      "original": {
        "owner": "NixOS",
        "ref": "nixpkgs-25.11-darwin",
        "repo": "nixpkgs",
        "type": "github"
      }
    },
    "root": {
      "inputs": {
        "nixpkgs": "nixpkgs"
      }
    }
  },
  "root": "root",
  "version": 7
}
